
Microsoft Visual Studio Solution File, Format Version 12.00
# Visual Studio Version 17
VisualStudioVersion = 17.8.34330.188
MinimumVisualStudioVersion = 10.0.40219.1
Project("{9A19103F-16F7-4668-BE54-9A1E7A4F7556}") = "Beginer", "Beginer\Beginer.csproj", "{3583071D-439B-4053-8602-FD9D56CB7B62}"
EndProject
Project("{FAE04EC0-301F-11D3-BF4B-00C04F79EFBC}") = "net2", "net2\net2.csproj", "{17D901B1-545A-4FD6-904E-442BEF0547D5}"
EndProject
Global
	GlobalSection(SolutionConfigurationPlatforms) = preSolution
		Debug|Any CPU = Debug|Any CPU
		Release|Any CPU = Release|Any CPU
	EndGlobalSection
	GlobalSection(ProjectConfigurationPlatforms) = postSolution
		{3583071D-439B-4053-8602-FD9D56CB7B62}.Debug|Any CPU.ActiveCfg = Debug|Any CPU
		{3583071D-439B-4053-8602-FD9D56CB7B62}.Debug|Any CPU.Build.0 = Debug|Any CPU
		{3583071D-439B-4053-8602-FD9D56CB7B62}.Release|Any CPU.ActiveCfg = Release|Any CPU
		{3583071D-439B-4053-8602-FD9D56CB7B62}.Release|Any CPU.Build.0 = Release|Any CPU
		{17D901B1-545A-4FD6-904E-442BEF0547D5}.Debug|Any CPU.ActiveCfg = Debug|Any CPU
		{17D901B1-545A-4FD6-904E-442BEF0547D5}.Debug|Any CPU.Build.0 = Debug|Any CPU
		{17D901B1-545A-4FD6-904E-442BEF0547D5}.Release|Any CPU.ActiveCfg = Release|Any CPU
		{17D901B1-545A-4FD6-904E-442BEF0547D5}.Release|Any CPU.Build.0 = Release|Any CPU
	EndGlobalSection
	GlobalSection(SolutionProperties) = preSolution
		HideSolutionNode = FALSE
	EndGlobalSection
	GlobalSection(ExtensibilityGlobals) = postSolution
		SolutionGuid = {A43B9C5A-F256-4B11-BE15-0EEDCE932E24}
	EndGlobalSection
EndGlobal
