
Microsoft Visual Studio Solution File, Format Version 12.00
# Visual Studio Version 17
VisualStudioVersion = 17.8.34330.188
MinimumVisualStudioVersion = 10.0.40219.1
Project("{9A19103F-16F7-4668-BE54-9A1E7A4F7556}") = "Beginer", "Beginer\Beginer.csproj", "{3583071D-439B-4053-8602-FD9D56CB7B62}"
EndProject
Project("{9A19103F-16F7-4668-BE54-9A1E7A4F7556}") = "xml2", "xml2\xml2.csproj", "{6E418422-D144-4731-B82B-EB539805CE03}"
EndProject
Project("{9A19103F-16F7-4668-BE54-9A1E7A4F7556}") = "Operator", "Operator\Operator.csproj", "{7BBDF836-F6F6-4254-8934-F2A35F741529}"
EndProject
Project("{9A19103F-16F7-4668-BE54-9A1E7A4F7556}") = "Inherence", "Inherence\Inherence.csproj", "{6FE401D0-0A6B-4D9D-87CB-9F3AC804B44E}"
EndProject
Project("{9A19103F-16F7-4668-BE54-9A1E7A4F7556}") = "Abstract", "Abstract\Abstract.csproj", "{915B3F23-C171-4419-BB65-D88B39F8F0C7}"
EndProject
Project("{9A19103F-16F7-4668-BE54-9A1E7A4F7556}") = "Interface", "Interface\Interface.csproj", "{ED162A57-5BEB-44E3-8807-33B4273FF94A}"
EndProject
Project("{FAE04EC0-301F-11D3-BF4B-00C04F79EFBC}") = "Practice", "Practice\Practice.csproj", "{2A241260-2E3F-46C9-9EBC-0649028B5C54}"
EndProject
Global
	GlobalSection(SolutionConfigurationPlatforms) = preSolution
		Debug|Any CPU = Debug|Any CPU
		Release|Any CPU = Release|Any CPU
	EndGlobalSection
	GlobalSection(ProjectConfigurationPlatforms) = postSolution
		{3583071D-439B-4053-8602-FD9D56CB7B62}.Debug|Any CPU.ActiveCfg = Debug|Any CPU
		{3583071D-439B-4053-8602-FD9D56CB7B62}.Debug|Any CPU.Build.0 = Debug|Any CPU
		{3583071D-439B-4053-8602-FD9D56CB7B62}.Release|Any CPU.ActiveCfg = Release|Any CPU
		{3583071D-439B-4053-8602-FD9D56CB7B62}.Release|Any CPU.Build.0 = Release|Any CPU
		{6E418422-D144-4731-B82B-EB539805CE03}.Debug|Any CPU.ActiveCfg = Debug|Any CPU
		{6E418422-D144-4731-B82B-EB539805CE03}.Debug|Any CPU.Build.0 = Debug|Any CPU
		{6E418422-D144-4731-B82B-EB539805CE03}.Release|Any CPU.ActiveCfg = Release|Any CPU
		{6E418422-D144-4731-B82B-EB539805CE03}.Release|Any CPU.Build.0 = Release|Any CPU
		{7BBDF836-F6F6-4254-8934-F2A35F741529}.Debug|Any CPU.ActiveCfg = Debug|Any CPU
		{7BBDF836-F6F6-4254-8934-F2A35F741529}.Debug|Any CPU.Build.0 = Debug|Any CPU
		{7BBDF836-F6F6-4254-8934-F2A35F741529}.Release|Any CPU.ActiveCfg = Release|Any CPU
		{7BBDF836-F6F6-4254-8934-F2A35F741529}.Release|Any CPU.Build.0 = Release|Any CPU
		{6FE401D0-0A6B-4D9D-87CB-9F3AC804B44E}.Debug|Any CPU.ActiveCfg = Debug|Any CPU
		{6FE401D0-0A6B-4D9D-87CB-9F3AC804B44E}.Debug|Any CPU.Build.0 = Debug|Any CPU
		{6FE401D0-0A6B-4D9D-87CB-9F3AC804B44E}.Release|Any CPU.ActiveCfg = Release|Any CPU
		{6FE401D0-0A6B-4D9D-87CB-9F3AC804B44E}.Release|Any CPU.Build.0 = Release|Any CPU
		{915B3F23-C171-4419-BB65-D88B39F8F0C7}.Debug|Any CPU.ActiveCfg = Debug|Any CPU
		{915B3F23-C171-4419-BB65-D88B39F8F0C7}.Debug|Any CPU.Build.0 = Debug|Any CPU
		{915B3F23-C171-4419-BB65-D88B39F8F0C7}.Release|Any CPU.ActiveCfg = Release|Any CPU
		{915B3F23-C171-4419-BB65-D88B39F8F0C7}.Release|Any CPU.Build.0 = Release|Any CPU
		{ED162A57-5BEB-44E3-8807-33B4273FF94A}.Debug|Any CPU.ActiveCfg = Debug|Any CPU
		{ED162A57-5BEB-44E3-8807-33B4273FF94A}.Debug|Any CPU.Build.0 = Debug|Any CPU
		{ED162A57-5BEB-44E3-8807-33B4273FF94A}.Release|Any CPU.ActiveCfg = Release|Any CPU
		{ED162A57-5BEB-44E3-8807-33B4273FF94A}.Release|Any CPU.Build.0 = Release|Any CPU
		{2A241260-2E3F-46C9-9EBC-0649028B5C54}.Debug|Any CPU.ActiveCfg = Debug|Any CPU
		{2A241260-2E3F-46C9-9EBC-0649028B5C54}.Debug|Any CPU.Build.0 = Debug|Any CPU
		{2A241260-2E3F-46C9-9EBC-0649028B5C54}.Release|Any CPU.ActiveCfg = Release|Any CPU
		{2A241260-2E3F-46C9-9EBC-0649028B5C54}.Release|Any CPU.Build.0 = Release|Any CPU
	EndGlobalSection
	GlobalSection(SolutionProperties) = preSolution
		HideSolutionNode = FALSE
	EndGlobalSection
	GlobalSection(ExtensibilityGlobals) = postSolution
		SolutionGuid = {A43B9C5A-F256-4B11-BE15-0EEDCE932E24}
	EndGlobalSection
EndGlobal
